
Microsoft Visual Studio Solution File, Format Version 12.00
# Visual Studio Version 17
VisualStudioVersion = 17.8.34330.188
MinimumVisualStudioVersion = 10.0.40219.1
Project("{FAE04EC0-301F-11D3-BF4B-00C04F79EFBC}") = "TTuan_24.4-LTHDT", "TTuan_24.4-LTHDT\TTuan_24.4-LTHDT.csproj", "{ECE0ABBE-E036-4481-82B4-AB3848184785}"
EndProject
Global
	GlobalSection(SolutionConfigurationPlatforms) = preSolution
		Debug|Any CPU = Debug|Any CPU
		Release|Any CPU = Release|Any CPU
	EndGlobalSection
	GlobalSection(ProjectConfigurationPlatforms) = postSolution
		{ECE0ABBE-E036-4481-82B4-AB3848184785}.Debug|Any CPU.ActiveCfg = Debug|Any CPU
		{ECE0ABBE-E036-4481-82B4-AB3848184785}.Debug|Any CPU.Build.0 = Debug|Any CPU
		{ECE0ABBE-E036-4481-82B4-AB3848184785}.Release|Any CPU.ActiveCfg = Release|Any CPU
		{ECE0ABBE-E036-4481-82B4-AB3848184785}.Release|Any CPU.Build.0 = Release|Any CPU
	EndGlobalSection
	GlobalSection(SolutionProperties) = preSolution
		HideSolutionNode = FALSE
	EndGlobalSection
	GlobalSection(ExtensibilityGlobals) = postSolution
		SolutionGuid = {3DBB3622-686B-4E5B-9EB6-5237C35FCEDF}
	EndGlobalSection
EndGlobal
